
Microsoft Visual Studio Solution File, Format Version 12.00
# Visual Studio Version 17
VisualStudioVersion = 17.11.35312.102
MinimumVisualStudioVersion = 10.0.40219.1
Project("{FAE04EC0-301F-11D3-BF4B-00C04F79EFBC}") = "tetris-nowy", "tetris-nowy.csproj", "{F056C345-94AC-4A09-AD9B-D9E00CB1D2BA}"
EndProject
Global
	GlobalSection(SolutionConfigurationPlatforms) = preSolution
		Debug|Any CPU = Debug|Any CPU
		Release|Any CPU = Release|Any CPU
	EndGlobalSection
	GlobalSection(ProjectConfigurationPlatforms) = postSolution
		{F056C345-94AC-4A09-AD9B-D9E00CB1D2BA}.Debug|Any CPU.ActiveCfg = Debug|Any CPU
		{F056C345-94AC-4A09-AD9B-D9E00CB1D2BA}.Debug|Any CPU.Build.0 = Debug|Any CPU
		{F056C345-94AC-4A09-AD9B-D9E00CB1D2BA}.Release|Any CPU.ActiveCfg = Release|Any CPU
		{F056C345-94AC-4A09-AD9B-D9E00CB1D2BA}.Release|Any CPU.Build.0 = Release|Any CPU
	EndGlobalSection
	GlobalSection(SolutionProperties) = preSolution
		HideSolutionNode = FALSE
	EndGlobalSection
	GlobalSection(ExtensibilityGlobals) = postSolution
		SolutionGuid = {AD13B3AA-0BD0-4C70-AD37-CA9CFEC34313}
	EndGlobalSection
EndGlobal
